
Microsoft Visual Studio Solution File, Format Version 12.00
# Visual Studio Version 16
VisualStudioVersion = 16.0.30517.126
MinimumVisualStudioVersion = 10.0.40219.1
Project("{9A19103F-16F7-4668-BE54-9A1E7A4F7556}") = "Module9", "Module 9\Module 9\Module9.csproj", "{5C507284-E64E-476E-BBEF-62CC6359DCB9}"
EndProject
Project("{9A19103F-16F7-4668-BE54-9A1E7A4F7556}") = "Module8 MVC", "MVC\MVC\Module8 MVC.csproj", "{A2D643D5-356D-4CE3-BEF8-5D278E2F228A}"
EndProject
Project("{9A19103F-16F7-4668-BE54-9A1E7A4F7556}") = "Module8 RazorPages", "RazorPages\RazorPages\Module8 RazorPages.csproj", "{41EF7CFD-C0CF-4523-A6BC-A610DAB1D1F7}"
EndProject
Project("{9A19103F-16F7-4668-BE54-9A1E7A4F7556}") = "Module7", "Test\Test\Module7.csproj", "{6ACDF121-8759-4CA9-A56E-5EDE090F9616}"
EndProject
Global
	GlobalSection(SolutionConfigurationPlatforms) = preSolution
		Debug|Any CPU = Debug|Any CPU
		Release|Any CPU = Release|Any CPU
	EndGlobalSection
	GlobalSection(ProjectConfigurationPlatforms) = postSolution
		{5C507284-E64E-476E-BBEF-62CC6359DCB9}.Debug|Any CPU.ActiveCfg = Debug|Any CPU
		{5C507284-E64E-476E-BBEF-62CC6359DCB9}.Debug|Any CPU.Build.0 = Debug|Any CPU
		{5C507284-E64E-476E-BBEF-62CC6359DCB9}.Release|Any CPU.ActiveCfg = Release|Any CPU
		{5C507284-E64E-476E-BBEF-62CC6359DCB9}.Release|Any CPU.Build.0 = Release|Any CPU
		{A2D643D5-356D-4CE3-BEF8-5D278E2F228A}.Debug|Any CPU.ActiveCfg = Debug|Any CPU
		{A2D643D5-356D-4CE3-BEF8-5D278E2F228A}.Debug|Any CPU.Build.0 = Debug|Any CPU
		{A2D643D5-356D-4CE3-BEF8-5D278E2F228A}.Release|Any CPU.ActiveCfg = Release|Any CPU
		{A2D643D5-356D-4CE3-BEF8-5D278E2F228A}.Release|Any CPU.Build.0 = Release|Any CPU
		{41EF7CFD-C0CF-4523-A6BC-A610DAB1D1F7}.Debug|Any CPU.ActiveCfg = Debug|Any CPU
		{41EF7CFD-C0CF-4523-A6BC-A610DAB1D1F7}.Debug|Any CPU.Build.0 = Debug|Any CPU
		{41EF7CFD-C0CF-4523-A6BC-A610DAB1D1F7}.Release|Any CPU.ActiveCfg = Release|Any CPU
		{41EF7CFD-C0CF-4523-A6BC-A610DAB1D1F7}.Release|Any CPU.Build.0 = Release|Any CPU
		{6ACDF121-8759-4CA9-A56E-5EDE090F9616}.Debug|Any CPU.ActiveCfg = Debug|Any CPU
		{6ACDF121-8759-4CA9-A56E-5EDE090F9616}.Debug|Any CPU.Build.0 = Debug|Any CPU
		{6ACDF121-8759-4CA9-A56E-5EDE090F9616}.Release|Any CPU.ActiveCfg = Release|Any CPU
		{6ACDF121-8759-4CA9-A56E-5EDE090F9616}.Release|Any CPU.Build.0 = Release|Any CPU
	EndGlobalSection
	GlobalSection(SolutionProperties) = preSolution
		HideSolutionNode = FALSE
	EndGlobalSection
	GlobalSection(ExtensibilityGlobals) = postSolution
		SolutionGuid = {192464F3-22DD-44B7-9663-5EADB08FCC97}
	EndGlobalSection
EndGlobal
